
Microsoft Visual Studio Solution File, Format Version 12.00
# Visual Studio Version 17
VisualStudioVersion = 17.13.35825.156 d17.13
MinimumVisualStudioVersion = 10.0.40219.1
Project("{FAE04EC0-301F-11D3-BF4B-00C04F79EFBC}") = "SUBIReVIDENCIAS", "SUBIReVIDENCIAS.csproj", "{FBF0D18F-626F-46C6-85B1-7F9BB0708026}"
EndProject
Global
	GlobalSection(SolutionConfigurationPlatforms) = preSolution
		Debug|Any CPU = Debug|Any CPU
		Release|Any CPU = Release|Any CPU
	EndGlobalSection
	GlobalSection(ProjectConfigurationPlatforms) = postSolution
		{FBF0D18F-626F-46C6-85B1-7F9BB0708026}.Debug|Any CPU.ActiveCfg = Debug|Any CPU
		{FBF0D18F-626F-46C6-85B1-7F9BB0708026}.Debug|Any CPU.Build.0 = Debug|Any CPU
		{FBF0D18F-626F-46C6-85B1-7F9BB0708026}.Release|Any CPU.ActiveCfg = Release|Any CPU
		{FBF0D18F-626F-46C6-85B1-7F9BB0708026}.Release|Any CPU.Build.0 = Release|Any CPU
	EndGlobalSection
	GlobalSection(SolutionProperties) = preSolution
		HideSolutionNode = FALSE
	EndGlobalSection
	GlobalSection(ExtensibilityGlobals) = postSolution
		SolutionGuid = {09A57586-7591-4DED-B63C-02310FAE1387}
	EndGlobalSection
EndGlobal
